github.com/davecgh/go-spew v1.1.1 h1:vj9j/u1bqnvCEfJOwUhtlOARqs3+rkHYY13jYWTU97c=
github.com/davecgh/go-spew v1.1.1/go.mod h1:J7Y8YcW2NihsgmVo/mv3lAwl/skON4iLHjSsI+c5H38=
github.com/ebitengine/purego v0.10.0 h1:QIw4xfpWT6GWTzaW5XEKy3HXoqrJGx1ijYHzTF0/ISU=
github.com/ebitengine/purego v0.10.0/go.mod h1:iIjxzd6CiRiOG0UyXP+V1+jWqUXVjPKLAI0mRfJZTmQ=
github.com/google/go-cmp v0.6.0 h1:ofyhxvXcZhMsU5ulbFiLKl/XBFqE1GSq7atu8tAmTRI=
github.com/google/go-cmp v0.6.0/go.mod h1:17dUlkBOakJ0+DkrSSNjCkIjxS6bF9zb3elmeNGIjoY=
github.com/miekg/dns v1.1.72 h1:vhmr+TF2A3tuoGNkLDFK9zi36F2LS+hKTRW0Uf8kbzI=
github.com/miekg/dns v1.1.72/go.mod h1:+EuEPhdHOsfk6Wk5TT2CzssZdqkmFhf8r+aVyDEToIs=
github.com/pmezard/go-difflib v1.0.0 h1:4DBwDE0NGyQoBHbLQYPwSUPoCMWR5BEzIk/f1lZbAQM=
github.com/pmezard/go-difflib v1.0.0/go.mod h1:iKH77koFhYxTK1pcRnkKkqfTogsbg7gZNVY4sRDYZ/4=
github.com/sagernet/cronet-go v0.0.0-20260924190631-adf8184f6fc0 h1:FpRnqLDF5PXvPeOC74/YVz3N+M1MMZu0p2ZIQ6DIxu0=
github.com/sagernet/cronet-go v0.0.0-20260924190631-adf8184f6fc0/go.mod h1:T/mwtrpC4JlWfScw73CmSBvHzIvc7BatQ1MhRr+cYNw=
github.com/sagernet/cronet-go/lib/android_386 v0.0.0-20260924190631-adf8184f6fc0 h1:ocMEyMsDyUqjdvQ3lRy467JWQaN+fW+s9QE7RxYOz7c=
github.com/sagernet/cronet-go/lib/android_386 v0.0.0-20260924190631-adf8184f6fc0/go.mod h1:XXDwdjX/T8xftoeJxQmbBoYXZp8MAPFR2CwbFuTpEtw=
github.com/sagernet/cronet-go/lib/android_amd64 v0.0.0-20260924190631-adf8184f6fc0 h1:zLVJpMQ02nVz8XcNkI/EOxhqLu33Xs6goF6NsIAvtq8=
github.com/sagernet/cronet-go/lib/android_amd64 v0.0.0-20260924190631-adf8184f6fc0/go.mod h1:iNiUGoLtnr8/JTuVNj7XJbmpOAp2C6+B81KDrPxwaZM=
github.com/sagernet/cronet-go/lib/android_arm v0.0.0-20260924190631-adf8184f6fc0 h1:GWuY//JucNZOmtU2SSElYp1AUGyIgWKOtRzkZPtc3xI=
github.com/sagernet/cronet-go/lib/android_arm v0.0.0-20260924190631-adf8184f6fc0/go.mod h1:19ILNUOGIzRdOqa2mq+iY0JoHxuieB7/lnjYeaA2vEc=
github.com/sagernet/cronet-go/lib/android_arm64 v0.0.0-20260924190631-adf8184f6fc0 h1:3RIq7mDm0uZ++jzXWMUh8XnOnojbDFzOIsgf+3sKLIY=
github.com/sagernet/cronet-go/lib/android_arm64 v0.0.0-20260924190631-adf8184f6fc0/go.mod h1:JxzGyQf94Cr6sBShKqODGDyRUlESfJK/Njcz9Lz6qMQ=
github.com/sagernet/cronet-go/lib/darwin_amd64 v0.0.0-20260924190631-adf8184f6fc0 h1:pHa90Ifr+FcxThUnKaT9mc0if8enHYRa1vb7lrXx80o=
github.com/sagernet/cronet-go/lib/darwin_amd64 v0.0.0-20260924190631-adf8184f6fc0/go.mod h1:KN+9T9TBycGOLzmKU4QdcHAJEj6Nlx48ifnlTvvHMvs=
github.com/sagernet/cronet-go/lib/darwin_arm64 v0.0.0-20260924190631-adf8184f6fc0 h1:puJ+J9tu8B56Psp1JxENlbSWzzqn/mRWXVRRJg8gXdQ=
github.com/sagernet/cronet-go/lib/darwin_arm64 v0.0.0-20260924190631-adf8184f6fc0/go.mod h1:kojvtUc29KKnk8hs2QIANynVR59921SnGWA9kXohHc0=
github.com/sagernet/cronet-go/lib/ios_amd64_simulator v0.0.0-20260924190631-adf8184f6fc0 h1:Zy3wHgsB26JYECW+np+NyyZjt0VsRZ744QbAhlIovVk=
github.com/sagernet/cronet-go/lib/ios_amd64_simulator v0.0.0-20260924190631-adf8184f6fc0/go.mod h1:hkQzRE5GDbaH1/ioqYh0Taho4L6i0yLRCVEZ5xHz5M0=
github.com/sagernet/cronet-go/lib/ios_arm64 v0.0.0-20260924190631-adf8184f6fc0 h1:c0XmFni7p10afQSJJ/S6ShNck20atMzZ5mBlFfk6DQI=
github.com/sagernet/cronet-go/lib/ios_arm64 v0.0.0-20260924190631-adf8184f6fc0/go.mod h1:tzVJFTOm66UxLxy6K0ZN5Ic2PC79e+sKKnt+V9puEa4=
github.com/sagernet/cronet-go/lib/ios_arm64_simulator v0.0.0-20260924190631-adf8184f6fc0 h1:xc6OpCo0AwPQMhg7pqdN9wbSzve264PIQ5HJ3JTbsYo=
github.com/sagernet/cronet-go/lib/ios_arm64_simulator v0.0.0-20260924190631-adf8184f6fc0/go.mod h1:M/pN6m3j0HFU6/y83n0HU6GLYys3tYdr/xTE8hVEGMo=
github.com/sagernet/cronet-go/lib/linux_386 v0.0.0-20260924190631-adf8184f6fc0 h1:NwvdFZYNiTooVpqAuzbiLACv4syIJ0LVGsPW8cBeMxE=
github.com/sagernet/cronet-go/lib/linux_386 v0.0.0-20260924190631-adf8184f6fc0/go.mod h1:cGh5hO6eljCo6KMQ/Cel8Xgq4+etL0awZLRBDVG1EZQ=
github.com/sagernet/cronet-go/lib/linux_386_musl v0.0.0-20260924190631-adf8184f6fc0 h1:f8AObAAPZQ5bf3BRzwJ0b1Xk6nSPtBvOORQC9pBJGk8=
github.com/sagernet/cronet-go/lib/linux_386_musl v0.0.0-20260924190631-adf8184f6fc0/go.mod h1:JFE0/cxaKkx0wqPMZU7MgaplQlU0zudv82dROJjClKU=
github.com/sagernet/cronet-go/lib/linux_amd64 v0.0.0-20260924190631-adf8184f6fc0 h1:j9E8WOKt5v3lpsAjluRQvCKlT4G/p2cEUTf4oAmOhG4=
github.com/sagernet/cronet-go/lib/linux_amd64 v0.0.0-20260924190631-adf8184f6fc0/go.mod h1:vU8VftFeSt7fURCa3JXD6+k6ss1YAX+idQjPvHmJ2tI=
github.com/sagernet/cronet-go/lib/linux_amd64_musl v0.0.0-20260924190631-adf8184f6fc0 h1:deQzIPmM4vu9TpZBxmT5nYd7jYi9nYvKZ+FHhvU3Q3U=
github.com/sagernet/cronet-go/lib/linux_amd64_musl v0.0.0-20260924190631-adf8184f6fc0/go.mod h1:vCe4OUuL+XOUge9v3MyTD45BnuAXiH+DkjN9quDXJzQ=
github.com/sagernet/cronet-go/lib/linux_arm v0.0.0-20260924190631-adf8184f6fc0 h1:O4ZspqKcP6GsPJPQw7j2nF9hdJnJo7zTdYLD0YUelH8=
github.com/sagernet/cronet-go/lib/linux_arm v0.0.0-20260924190631-adf8184f6fc0/go.mod h1:w9amBWrvjtohQzBGCKJ7LCh22LhTIJs4sE7cYaKQzM0=
github.com/sagernet/cronet-go/lib/linux_arm64 v0.0.0-20260924190631-adf8184f6fc0 h1:mnsFCF1tGzrlmq6HrWFwCF8JjYBZBjiPwRKoH85gvMk=
github.com/sagernet/cronet-go/lib/linux_arm64 v0.0.0-20260924190631-adf8184f6fc0/go.mod h1:TqlsFtcYS/etTeck46kHBeT8Le0Igw1Q/AV88UnMS3s=
github.com/sagernet/cronet-go/lib/linux_arm64_musl v0.0.0-20260924190631-adf8184f6fc0 h1:NPGuQ0XKN5CjROpblKTNyKQpwbbjHAROJe3g8n3S6XU=
github.com/sagernet/cronet-go/lib/linux_arm64_musl v0.0.0-20260924190631-adf8184f6fc0/go.mod h1:B6Qd0vys8sv9OKVRN6J9RqDzYRGE938Fb2zrYdBDyTQ=
github.com/sagernet/cronet-go/lib/linux_arm_musl v0.0.0-20260924190631-adf8184f6fc0 h1:a7H/jSpFKSC/42OMF2WIrNOEWipy94ZeQdtU2GkOtXM=
github.com/sagernet/cronet-go/lib/linux_arm_musl v0.0.0-20260924190631-adf8184f6fc0/go.mod h1:3tXMMFY7AHugOVBZ5Al7cL7JKsnFOe5bMVr0hZPk3ow=
github.com/sagernet/cronet-go/lib/linux_loong64 v0.0.0-20260924190631-adf8184f6fc0 h1:B/Kz05JmI0fMO6rxmlJF4zH+2IlsXr18TaeX6LjO8Tc=
github.com/sagernet/cronet-go/lib/linux_loong64 v0.0.0-20260924190631-adf8184f6fc0/go.mod h1:Wt5uFdU3tnmm8YzobYewwdF7Mt6SucRQg6xeTNWC3Tk=
github.com/sagernet/cronet-go/lib/linux_loong64_musl v0.0.0-20260924190631-adf8184f6fc0 h1:I/zL5xazCWxEZd8WzOtLQvPX6Brps1YTwAGxv8CVHBw=
github.com/sagernet/cronet-go/lib/linux_loong64_musl v0.0.0-20260924190631-adf8184f6fc0/go.mod h1:lyIF6wKBLwWa5ZXaAKbAoewewl+yCHo2iYev39Mbj4E=
github.com/sagernet/cronet-go/lib/linux_mips64le v0.0.0-20260924190631-adf8184f6fc0 h1:HmuPw0hFUp0DjZh40I3BZliuGV+V6Qke2haqXJ3g/Ko=
github.com/sagernet/cronet-go/lib/linux_mips64le v0.0.0-20260924190631-adf8184f6fc0/go.mod h1:H46PnSTTZNcZokLLiDeMDaHiS1l14PH3tzWi0eykjD8=
github.com/sagernet/cronet-go/lib/linux_mipsle v0.0.0-20260924190631-adf8184f6fc0 h1:IE+E4OONYB682pslAMcjpTdGqnnb9lQomSWV+DJfZd4=
github.com/sagernet/cronet-go/lib/linux_mipsle v0.0.0-20260924190631-adf8184f6fc0/go.mod h1:RBhSUDAKWq7fswtV4nQUQhuaTLcX3ettR7teA7/yf2w=
github.com/sagernet/cronet-go/lib/linux_mipsle_musl v0.0.0-20260924190631-adf8184f6fc0 h1:SXW/HMIJL9GMxraeLpecct4VjqTL8vUyuLQR4HJsgyg=
github.com/sagernet/cronet-go/lib/linux_mipsle_musl v0.0.0-20260924190631-adf8184f6fc0/go.mod h1:wRzoIOGG4xbpp3Gh3triLKwMwYriScXzFtunLYhY4w0=
github.com/sagernet/cronet-go/lib/linux_riscv64 v0.0.0-20260924190631-adf8184f6fc0 h1:3Y29eBG7glB7oSIFMvl65UUSiDU/LwNLWiyoaIwNI1Q=
github.com/sagernet/cronet-go/lib/linux_riscv64 v0.0.0-20260924190631-adf8184f6fc0/go.mod h1:LNiZXmWil1OPwKCheqQjtakZlJuKGFz+iv2eGF76Hhs=
github.com/sagernet/cronet-go/lib/linux_riscv64_musl v0.0.0-20260924190631-adf8184f6fc0 h1:qd7U3OW6uJugnjYhvWzzMSuG9d9jq5KDq0KykDowMoQ=
github.com/sagernet/cronet-go/lib/linux_riscv64_musl v0.0.0-20260924190631-adf8184f6fc0/go.mod h1:YFDGKTkpkJGc5+hnX/RYosZyTWg9h+68VB55fYRRLYc=
github.com/sagernet/cronet-go/lib/tvos_amd64_simulator v0.0.0-20260924190631-adf8184f6fc0 h1:ZL7lDNLQqpjp3TwBcBEmPCk3t6eTuDqfACsL0983cQM=
github.com/sagernet/cronet-go/lib/tvos_amd64_simulator v0.0.0-20260924190631-adf8184f6fc0/go.mod h1:aaX0YGl8nhGmfRWI8bc3BtDjY8Vzx6O0cS/e1uqxDq4=
github.com/sagernet/cronet-go/lib/tvos_arm64 v0.0.0-20260924190631-adf8184f6fc0 h1:sEY2uyw2BeSCwVIsCVDJJcL7wAigf9+/LKPeJ7SkrS0=
github.com/sagernet/cronet-go/lib/tvos_arm64 v0.0.0-20260924190631-adf8184f6fc0/go.mod h1:EdzMKA96xITc42QEI+ct4SwqX8Dn3ltKK8wzdkLWpSc=
github.com/sagernet/cronet-go/lib/tvos_arm64_simulator v0.0.0-20260924190631-adf8184f6fc0 h1:0A7sTKPTZsiELyPQki4nk6UswnDZk571ym6j/Y9DlJY=
github.com/sagernet/cronet-go/lib/tvos_arm64_simulator v0.0.0-20260924190631-adf8184f6fc0/go.mod h1:qix4kv1TTAJ5tY4lJ9vjhe9EY4mM+B7H5giOhbxDVcc=
github.com/sagernet/cronet-go/lib/windows_amd64 v0.0.0-20260924190631-adf8184f6fc0 h1:QdxLzqvX3CGtyeyDj60CNcOd+Qj+QYv8BYgZyOHf6ZA=
github.com/sagernet/cronet-go/lib/windows_amd64 v0.0.0-20260924190631-adf8184f6fc0/go.mod h1:lm9w/oCCRyBiUa3G8lDQTT8x/ONUvgVR2iV9fVzUZB8=
github.com/sagernet/cronet-go/lib/windows_arm64 v0.0.0-20260924190631-adf8184f6fc0 h1:5XwnnHwojB6E/hk1Hk5w32D6aMOf9QjmJNyhtZj4RhY=
github.com/sagernet/cronet-go/lib/windows_arm64 v0.0.0-20260924190631-adf8184f6fc0/go.mod h1:n34YyLgapgjWdKa0IoeczjAFCwD3/dxbsH5sucKw0bw=
github.com/sagernet/sing v0.8.9 h1:iX8FyMrWNl/divVgTe7cLT9n36v6bfzfnCYlcM1cLaU=
github.com/sagernet/sing v0.8.9/go.mod h1:ARkL0gM13/Iv5VCZmci/NuoOlePoIsW0m7BWfln/Hak=
github.com/stretchr/testify v1.9.0 h1:HtqpIVDClZ4nwg75+f6Lvsy/wHu+3BoSGCbBAcpTsTg=
github.com/stretchr/testify v1.9.0/go.mod h1:r2ic/lqez/lEtzL7wO/rwa5dbSLXVDPFyf8C91i36aY=
golang.org/x/mod v0.31.0 h1:HaW9xtz0+kOcWKwli0ZXy79Ix+UW/vOfmWI5QVd2tgI=
golang.org/x/mod v0.31.0/go.mod h1:43JraMp9cGx1Rx3AqioxrbrhNsLl2l/iNAvuBkrezpg=
golang.org/x/net v0.48.0 h1:zyQRTTrjc33Lhh0fBgT/H3oZq9WuvRR5gPC70xpDiQU=
golang.org/x/net v0.48.0/go.mod h1:+ndRgGjkh8FGtu1w1FGbEC31if4VrNVMuKTgcAAnQRY=
golang.org/x/sync v0.19.0 h1:vV+1eWNmZ5geRlYjzm2adRgW2/mcpevXNg50YZtPCE4=
golang.org/x/sync v0.19.0/go.mod h1:9KTHXmSnoGruLpwFjVSX0lNNA75CykiMECbovNTZqGI=
golang.org/x/sys v0.39.0 h1:CvCKL8MeisomCi6qNZ+wbb0DN9E5AATixKsvNtMoMFk=
golang.org/x/sys v0.39.0/go.mod h1:OgkHotnGiDImocRcuBABYBEXf8A9a87e/uXjp9XT3ks=
golang.org/x/tools v0.40.0 h1:yLkxfA+Qnul4cs9QA3KnlFu0lVmd8JJfoq+E41uSutA=
golang.org/x/tools v0.40.0/go.mod h1:Ik/tzLRlbscWpqqMRjyWYDisX8bG13FrdXp3o4Sr9lc=
gopkg.in/yaml.v3 v3.0.1 h1:fxVm/GzAzEWqLHuvctI91KS9hhNmmWOoWu0XTYJS7CA=
gopkg.in/yaml.v3 v3.0.1/go.mod h1:K4uyk7z7BCEPqu6E+C64Yfv1cQ7kz7rIZviUmN+EgEM=
